
Microsoft Visual Studio Solution File, Format Version 12.00
# Visual Studio 15
VisualStudioVersion = 15.0.28307.271
MinimumVisualStudioVersion = 10.0.40219.1
Project("{9A19103F-16F7-4668-BE54-9A1E7A4F7556}") = "Project1", "Project1\Project1.csproj", "{E9848D32-B535-49AC-A5E2-0AEE6C61A69A}"
EndProject
Project("{9A19103F-16F7-4668-BE54-9A1E7A4F7556}") = "Project2", "Project2\Project2.csproj", "{80C4F752-11FB-4F5F-9FC2-D8ACB2CF7670}"
EndProject
Project("{FAE04EC0-301F-11D3-BF4B-00C04F79EFBC}") = "IntegrationTest", "IntegrationTest\IntegrationTest.csproj", "{A6EA8014-6EFD-4332-8AD8-1D8A2FC1577E}"
EndProject
Global
	GlobalSection(SolutionConfigurationPlatforms) = preSolution
		Debug|Any CPU = Debug|Any CPU
		Release|Any CPU = Release|Any CPU
	EndGlobalSection
	GlobalSection(ProjectConfigurationPlatforms) = postSolution
		{E9848D32-B535-49AC-A5E2-0AEE6C61A69A}.Debug|Any CPU.ActiveCfg = Debug|Any CPU
		{E9848D32-B535-49AC-A5E2-0AEE6C61A69A}.Debug|Any CPU.Build.0 = Debug|Any CPU
		{E9848D32-B535-49AC-A5E2-0AEE6C61A69A}.Release|Any CPU.ActiveCfg = Release|Any CPU
		{E9848D32-B535-49AC-A5E2-0AEE6C61A69A}.Release|Any CPU.Build.0 = Release|Any CPU
		{80C4F752-11FB-4F5F-9FC2-D8ACB2CF7670}.Debug|Any CPU.ActiveCfg = Debug|Any CPU
		{80C4F752-11FB-4F5F-9FC2-D8ACB2CF7670}.Debug|Any CPU.Build.0 = Debug|Any CPU
		{80C4F752-11FB-4F5F-9FC2-D8ACB2CF7670}.Release|Any CPU.ActiveCfg = Release|Any CPU
		{80C4F752-11FB-4F5F-9FC2-D8ACB2CF7670}.Release|Any CPU.Build.0 = Release|Any CPU
		{A6EA8014-6EFD-4332-8AD8-1D8A2FC1577E}.Debug|Any CPU.ActiveCfg = Debug|Any CPU
		{A6EA8014-6EFD-4332-8AD8-1D8A2FC1577E}.Debug|Any CPU.Build.0 = Debug|Any CPU
		{A6EA8014-6EFD-4332-8AD8-1D8A2FC1577E}.Release|Any CPU.ActiveCfg = Release|Any CPU
		{A6EA8014-6EFD-4332-8AD8-1D8A2FC1577E}.Release|Any CPU.Build.0 = Release|Any CPU
	EndGlobalSection
	GlobalSection(SolutionProperties) = preSolution
		HideSolutionNode = FALSE
	EndGlobalSection
	GlobalSection(ExtensibilityGlobals) = postSolution
		SolutionGuid = {03F47EDB-DEE3-41C9-8382-DBF933FE73AE}
	EndGlobalSection
EndGlobal
